# This file is automatically @generated by Cargo.
# It is not intended for manual editing.
version = 3

[[package]]
name = "bitflags"
version = "1.2.1"
source = "registry+https://github.com/rust-lang/crates.io-index"
checksum = "cf1de2fe8c75bc145a2f577add951f8134889b4795d47466a54a5c846d691693"

[[package]]
name = "cc"
version = "1.0.71"
source = "registry+https://github.com/rust-lang/crates.io-index"
checksum = "79c2681d6594606957bbb8631c4b90a7fcaaa72cdb714743a437b156d6a7eedd"

[[package]]
name = "cmake"
version = "0.1.46"
source = "registry+https://github.com/rust-lang/crates.io-index"
checksum = "b7b858541263efe664aead4a5209a4ae5c5d2811167d4ed4ee0944503f8d2089"
dependencies = [
 "cc",
]

[[package]]
name = "glfw"
version = "0.42.0"
source = "registry+https://github.com/rust-lang/crates.io-index"
checksum = "06a3f9afbfd6576fca75be1e5cfc6db259b3a9b65844d34890b0711e82953605"
dependencies = [
 "bitflags",
 "glfw-sys",
 "objc",
 "raw-window-handle",
 "semver",
 "winapi",
]

[[package]]
name = "glfw-sys"
version = "3.3.4"
source = "registry+https://github.com/rust-lang/crates.io-index"
checksum = "f6161d9c57357d4e77622f1cde280e3909ee72ba978d5cb79fe7cfc2ceec8a24"
dependencies = [
 "cmake",
]

[[package]]
name = "libc"
version = "0.2.107"
source = "registry+https://github.com/rust-lang/crates.io-index"
checksum = "fbe5e23404da5b4f555ef85ebed98fb4083e55a00c317800bc2a50ede9f3d219"

[[package]]
name = "malloc_buf"
version = "0.0.6"
source = "registry+https://github.com/rust-lang/crates.io-index"
checksum = "62bb907fe88d54d8d9ce32a3cceab4218ed2f6b7d35617cafe9adf84e43919cb"
dependencies = [
 "libc",
]

[[package]]
name = "objc"
version = "0.2.7"
source = "registry+https://github.com/rust-lang/crates.io-index"
checksum = "915b1b472bc21c53464d6c8461c9d3af805ba1ef837e1cac254428f4a77177b1"
dependencies = [
 "malloc_buf",
]

[[package]]
name = "pkg-config"
version = "0.3.22"
source = "registry+https://github.com/rust-lang/crates.io-index"
checksum = "12295df4f294471248581bc09bef3c38a5e46f1e36d6a37353621a0c6c357e1f"

[[package]]
name = "raw-window-handle"
version = "0.3.3"
source = "registry+https://github.com/rust-lang/crates.io-index"
checksum = "0a441a7a6c80ad6473bd4b74ec1c9a4c951794285bf941c2126f607c72e48211"
dependencies = [
 "libc",
]

[[package]]
name = "semver"
version = "0.9.0"
source = "registry+https://github.com/rust-lang/crates.io-index"
checksum = "1d7eb9ef2c18661902cc47e535f9bc51b78acd254da71d375c2f6720d9a40403"
dependencies = [
 "semver-parser",
]

[[package]]
name = "semver-parser"
version = "0.7.0"
source = "registry+https://github.com/rust-lang/crates.io-index"
checksum = "388a1df253eca08550bef6c72392cfe7c30914bf41df5269b68cbd6ff8f570a3"

[[package]]
name = "wallpaper_of_life"
version = "0.1.0"
dependencies = [
 "glfw",
 "x11",
]

[[package]]
name = "winapi"
version = "0.3.9"
source = "registry+https://github.com/rust-lang/crates.io-index"
checksum = "5c839a674fcd7a98952e593242ea400abe93992746761e38641405d28b00f419"
dependencies = [
 "winapi-i686-pc-windows-gnu",
 "winapi-x86_64-pc-windows-gnu",
]

[[package]]
name = "winapi-i686-pc-windows-gnu"
version = "0.4.0"
source = "registry+https://github.com/rust-lang/crates.io-index"
checksum = "ac3b87c63620426dd9b991e5ce0329eff545bccbbb34f3be09ff6fb6ab51b7b6"

[[package]]
name = "winapi-x86_64-pc-windows-gnu"
version = "0.4.0"
source = "registry+https://github.com/rust-lang/crates.io-index"
checksum = "712e227841d057c1ee1cd2fb22fa7e5a5461ae8e48fa2ca79ec42cfc1931183f"

[[package]]
name = "x11"
version = "2.19.1"
source = "registry+https://github.com/rust-lang/crates.io-index"
checksum = "6dd0565fa8bfba8c5efe02725b14dff114c866724eff2cfd44d76cea74bcd87a"
dependencies = [
 "libc",
 "pkg-config",
]
