# This file is automatically @generated by Cargo.
# It is not intended for manual editing.
version = 3

[[package]]
name = "lazy_static"
version = "1.4.0"
source = "registry+https://github.com/rust-lang/crates.io-index"
checksum = "e2abad23fbc42b3700f2f279844dc832adb2b2eb069b2df918f455c4e18cc646"

[[package]]
name = "libc"
version = "0.2.107"
source = "registry+https://github.com/rust-lang/crates.io-index"
checksum = "fbe5e23404da5b4f555ef85ebed98fb4083e55a00c317800bc2a50ede9f3d219"

[[package]]
name = "pkg-config"
version = "0.3.22"
source = "registry+https://github.com/rust-lang/crates.io-index"
checksum = "12295df4f294471248581bc09bef3c38a5e46f1e36d6a37353621a0c6c357e1f"

[[package]]
name = "wallpaper_of_life"
version = "0.1.0"
dependencies = [
 "x11-dl",
]

[[package]]
name = "x11-dl"
version = "2.19.1"
source = "registry+https://github.com/rust-lang/crates.io-index"
checksum = "ea26926b4ce81a6f5d9d0f3a0bc401e5a37c6ae14a1bfaa8ff6099ca80038c59"
dependencies = [
 "lazy_static",
 "libc",
 "pkg-config",
]
